
Microsoft Visual Studio Solution File, Format Version 12.00
# Visual Studio Version 16
VisualStudioVersion = 16.0.31112.23
MinimumVisualStudioVersion = 10.0.40219.1
Project("{FAE04EC0-301F-11D3-BF4B-00C04F79EFBC}") = "VilasLab", "VilasLab.csproj", "{1A346A6A-A1CB-49CF-AA4C-402EDA203EC0}"
EndProject
Global
	GlobalSection(SolutionConfigurationPlatforms) = preSolution
		Debug|Any CPU = Debug|Any CPU
		Release|Any CPU = Release|Any CPU
	EndGlobalSection
	GlobalSection(ProjectConfigurationPlatforms) = postSolution
		{1A346A6A-A1CB-49CF-AA4C-402EDA203EC0}.Debug|Any CPU.ActiveCfg = Debug|Any CPU
		{1A346A6A-A1CB-49CF-AA4C-402EDA203EC0}.Debug|Any CPU.Build.0 = Debug|Any CPU
		{1A346A6A-A1CB-49CF-AA4C-402EDA203EC0}.Release|Any CPU.ActiveCfg = Release|Any CPU
		{1A346A6A-A1CB-49CF-AA4C-402EDA203EC0}.Release|Any CPU.Build.0 = Release|Any CPU
	EndGlobalSection
	GlobalSection(SolutionProperties) = preSolution
		HideSolutionNode = FALSE
	EndGlobalSection
	GlobalSection(ExtensibilityGlobals) = postSolution
		SolutionGuid = {527BB6DA-3CED-4D8F-BB9F-D54FC03E4231}
	EndGlobalSection
EndGlobal
